
Microsoft Visual Studio Solution File, Format Version 12.00
# Visual Studio Version 16
VisualStudioVersion = 16.0.31624.102
MinimumVisualStudioVersion = 10.0.40219.1
Project("{8BC9CEB8-8B4A-11D0-8D11-00A0C91BC942}") = "Server", "Server\Server.vcxproj", "{4A18F785-BB16-4AF9-993E-D7C8CE931F3C}"
EndProject
Project("{8BC9CEB8-8B4A-11D0-8D11-00A0C91BC942}") = "Client", "Client\Client.vcxproj", "{62A77E0E-FC05-4083-B4BE-276CA68D51EA}"
EndProject
Global
	GlobalSection(SolutionConfigurationPlatforms) = preSolution
		Debug|x64 = Debug|x64
		Debug|x86 = Debug|x86
		Release|x64 = Release|x64
		Release|x86 = Release|x86
	EndGlobalSection
	GlobalSection(ProjectConfigurationPlatforms) = postSolution
		{4A18F785-BB16-4AF9-993E-D7C8CE931F3C}.Debug|x64.ActiveCfg = Debug|x64
		{4A18F785-BB16-4AF9-993E-D7C8CE931F3C}.Debug|x64.Build.0 = Debug|x64
		{4A18F785-BB16-4AF9-993E-D7C8CE931F3C}.Debug|x86.ActiveCfg = Debug|Win32
		{4A18F785-BB16-4AF9-993E-D7C8CE931F3C}.Debug|x86.Build.0 = Debug|Win32
		{4A18F785-BB16-4AF9-993E-D7C8CE931F3C}.Release|x64.ActiveCfg = Release|x64
		{4A18F785-BB16-4AF9-993E-D7C8CE931F3C}.Release|x64.Build.0 = Release|x64
		{4A18F785-BB16-4AF9-993E-D7C8CE931F3C}.Release|x86.ActiveCfg = Release|Win32
		{4A18F785-BB16-4AF9-993E-D7C8CE931F3C}.Release|x86.Build.0 = Release|Win32
		{62A77E0E-FC05-4083-B4BE-276CA68D51EA}.Debug|x64.ActiveCfg = Debug|x64
		{62A77E0E-FC05-4083-B4BE-276CA68D51EA}.Debug|x64.Build.0 = Debug|x64
		{62A77E0E-FC05-4083-B4BE-276CA68D51EA}.Debug|x86.ActiveCfg = Debug|Win32
		{62A77E0E-FC05-4083-B4BE-276CA68D51EA}.Debug|x86.Build.0 = Debug|Win32
		{62A77E0E-FC05-4083-B4BE-276CA68D51EA}.Release|x64.ActiveCfg = Release|x64
		{62A77E0E-FC05-4083-B4BE-276CA68D51EA}.Release|x64.Build.0 = Release|x64
		{62A77E0E-FC05-4083-B4BE-276CA68D51EA}.Release|x86.ActiveCfg = Release|Win32
		{62A77E0E-FC05-4083-B4BE-276CA68D51EA}.Release|x86.Build.0 = Release|Win32
	EndGlobalSection
	GlobalSection(SolutionProperties) = preSolution
		HideSolutionNode = FALSE
	EndGlobalSection
	GlobalSection(ExtensibilityGlobals) = postSolution
		SolutionGuid = {0D4E6FCB-1C74-4DD7-A12B-E2F1867C8163}
	EndGlobalSection
EndGlobal
